
Microsoft Visual Studio Solution File, Format Version 12.00
# Visual Studio Version 17
VisualStudioVersion = 17.6.33723.286
MinimumVisualStudioVersion = 10.0.40219.1
Project("{9A19103F-16F7-4668-BE54-9A1E7A4F7556}") = "MagicVilla_VillaAPI", "MagicVilla_VillaAPI\MagicVilla_VillaAPI.csproj", "{236F14ED-9FF4-4604-9698-F20BB7E80842}"
EndProject
Project("{FAE04EC0-301F-11D3-BF4B-00C04F79EFBC}") = "MagicVilla_Web", "MagicVilla_Web\MagicVilla_Web.csproj", "{82B72A2A-F7E4-4107-9AF7-1FB7636F3DD0}"
EndProject
Project("{FAE04EC0-301F-11D3-BF4B-00C04F79EFBC}") = "MagicVilla_Utility", "MagicVilla_Utility\MagicVilla_Utility.csproj", "{823304CA-80DA-4E4C-A589-9543352E1B6F}"
EndProject
Global
	GlobalSection(SolutionConfigurationPlatforms) = preSolution
		Debug|Any CPU = Debug|Any CPU
		Release|Any CPU = Release|Any CPU
	EndGlobalSection
	GlobalSection(ProjectConfigurationPlatforms) = postSolution
		{236F14ED-9FF4-4604-9698-F20BB7E80842}.Debug|Any CPU.ActiveCfg = Debug|Any CPU
		{236F14ED-9FF4-4604-9698-F20BB7E80842}.Debug|Any CPU.Build.0 = Debug|Any CPU
		{236F14ED-9FF4-4604-9698-F20BB7E80842}.Release|Any CPU.ActiveCfg = Release|Any CPU
		{236F14ED-9FF4-4604-9698-F20BB7E80842}.Release|Any CPU.Build.0 = Release|Any CPU
		{82B72A2A-F7E4-4107-9AF7-1FB7636F3DD0}.Debug|Any CPU.ActiveCfg = Debug|Any CPU
		{82B72A2A-F7E4-4107-9AF7-1FB7636F3DD0}.Debug|Any CPU.Build.0 = Debug|Any CPU
		{82B72A2A-F7E4-4107-9AF7-1FB7636F3DD0}.Release|Any CPU.ActiveCfg = Release|Any CPU
		{82B72A2A-F7E4-4107-9AF7-1FB7636F3DD0}.Release|Any CPU.Build.0 = Release|Any CPU
		{823304CA-80DA-4E4C-A589-9543352E1B6F}.Debug|Any CPU.ActiveCfg = Debug|Any CPU
		{823304CA-80DA-4E4C-A589-9543352E1B6F}.Debug|Any CPU.Build.0 = Debug|Any CPU
		{823304CA-80DA-4E4C-A589-9543352E1B6F}.Release|Any CPU.ActiveCfg = Release|Any CPU
		{823304CA-80DA-4E4C-A589-9543352E1B6F}.Release|Any CPU.Build.0 = Release|Any CPU
	EndGlobalSection
	GlobalSection(SolutionProperties) = preSolution
		HideSolutionNode = FALSE
	EndGlobalSection
	GlobalSection(ExtensibilityGlobals) = postSolution
		SolutionGuid = {D87445F2-D2AD-471F-92D1-90241B3549BC}
	EndGlobalSection
EndGlobal
